// !$*UTF8*$!
{
	archiveVersion = 1;
	classes = {
	};
	objectVersion = 46;
	objects = {

/* Begin PBXBuildFile section */
		08E5891E1C07615500C046CE /* AppDelegate.swift in Sources */ = {isa = PBXBuildFile; fileRef = 08E5891D1C07615500C046CE /* AppDelegate.swift */; };
		08E589201C07615500C046CE /* HomeVC.swift in Sources */ = {isa = PBXBuildFile; fileRef = 08E5891F1C07615500C046CE /* HomeVC.swift */; };
		08E589231C07615500C046CE /* Main.storyboard in Resources */ = {isa = PBXBuildFile; fileRef = 08E589211C07615500C046CE /* Main.storyboard */; };
		08E589261C07615500C046CE /* WatchConnectivityDemo.xcdatamodeld in Sources */ = {isa = PBXBuildFile; fileRef = 08E589241C07615500C046CE /* WatchConnectivityDemo.xcdatamodeld */; };
		08E589281C07615500C046CE /* Assets.xcassets in Resources */ = {isa = PBXBuildFile; fileRef = 08E589271C07615500C046CE /* Assets.xcassets */; };
		08E5892B1C07615500C046CE /* LaunchScreen.storyboard in Resources */ = {isa = PBXBuildFile; fileRef = 08E589291C07615500C046CE /* LaunchScreen.storyboard */; };
		08E589361C07615600C046CE /* WatchConnectivityDemoTests.swift in Sources */ = {isa = PBXBuildFile; fileRef = 08E589351C07615600C046CE /* WatchConnectivityDemoTests.swift */; };
		08E589411C07615600C046CE /* WatchConnectivityDemoUITests.swift in Sources */ = {isa = PBXBuildFile; fileRef = 08E589401C07615600C046CE /* WatchConnectivityDemoUITests.swift */; };
		08E589541C07623700C046CE /* Interface.storyboard in Resources */ = {isa = PBXBuildFile; fileRef = 08E589521C07623700C046CE /* Interface.storyboard */; };
		08E589561C07623700C046CE /* Assets.xcassets in Resources */ = {isa = PBXBuildFile; fileRef = 08E589551C07623700C046CE /* Assets.xcassets */; };
		08E5895D1C07623700C046CE /* Watch Extension.appex in Embed App Extensions */ = {isa = PBXBuildFile; fileRef = 08E5895C1C07623700C046CE /* Watch Extension.appex */; settings = {ATTRIBUTES = (RemoveHeadersOnCopy, ); }; };
		08E589641C07623700C046CE /* HomeIC.swift in Sources */ = {isa = PBXBuildFile; fileRef = 08E589631C07623700C046CE /* HomeIC.swift */; };
		08E589661C07623700C046CE /* ExtensionDelegate.swift in Sources */ = {isa = PBXBuildFile; fileRef = 08E589651C07623700C046CE /* ExtensionDelegate.swift */; };
		08E589681C07623700C046CE /* NotificationController.swift in Sources */ = {isa = PBXBuildFile; fileRef = 08E589671C07623700C046CE /* NotificationController.swift */; };
		08E5896A1C07623700C046CE /* GlanceController.swift in Sources */ = {isa = PBXBuildFile; fileRef = 08E589691C07623700C046CE /* GlanceController.swift */; };
		08E5896C1C07623700C046CE /* ComplicationController.swift in Sources */ = {isa = PBXBuildFile; fileRef = 08E5896B1C07623700C046CE /* ComplicationController.swift */; };
		08E5896E1C07623700C046CE /* Assets.xcassets in Resources */ = {isa = PBXBuildFile; fileRef = 08E5896D1C07623700C046CE /* Assets.xcassets */; };
		08E589721C07623700C046CE /* Watch.app in Embed Watch Content */ = {isa = PBXBuildFile; fileRef = 08E589501C07623700C046CE /* Watch.app */; };
		08E5897C1C07666300C046CE /* HomeItemRow.swift in Sources */ = {isa = PBXBuildFile; fileRef = 08E5897B1C07666300C046CE /* HomeItemRow.swift */; };
/* End PBXBuildFile section */

/* Begin PBXContainerItemProxy section */
		08E589321C07615500C046CE /* PBXContainerItemProxy */ = {
			isa = PBXContainerItemProxy;
			containerPortal = 08E589121C07615400C046CE /* Project object */;
			proxyType = 1;
			remoteGlobalIDString = 08E589191C07615500C046CE;
			remoteInfo = WatchConnectivityDemo;
		};
		08E5893D1C07615600C046CE /* PBXContainerItemProxy */ = {
			isa = PBXContainerItemProxy;
			containerPortal = 08E589121C07615400C046CE /* Project object */;
			proxyType = 1;
			remoteGlobalIDString = 08E589191C07615500C046CE;
			remoteInfo = WatchConnectivityDemo;
		};
		08E5895E1C07623700C046CE /* PBXContainerItemProxy */ = {
			isa = PBXContainerItemProxy;
			containerPortal = 08E589121C07615400C046CE /* Project object */;
			proxyType = 1;
			remoteGlobalIDString = 08E5895B1C07623700C046CE;
			remoteInfo = "Watch Extension";
		};
		08E589701C07623700C046CE /* PBXContainerItemProxy */ = {
			isa = PBXContainerItemProxy;
			containerPortal = 08E589121C07615400C046CE /* Project object */;
			proxyType = 1;
			remoteGlobalIDString = 08E5894F1C07623700C046CE;
			remoteInfo = Watch;
		};
/* End PBXContainerItemProxy section */

/* Begin PBXCopyFilesBuildPhase section */
		08E589761C07623700C046CE /* Embed App Extensions */ = {
			isa = PBXCopyFilesBuildPhase;
			buildActionMask = 2147483647;
			dstPath = "";
			dstSubfolderSpec = 13;
			files = (
				08E5895D1C07623700C046CE /* Watch Extension.appex in Embed App Extensions */,
			);
			name = "Embed App Extensions";
			runOnlyForDeploymentPostprocessing = 0;
		};
		08E5897A1C07623700C046CE /* Embed Watch Content */ = {
			isa = PBXCopyFilesBuildPhase;
			buildActionMask = 2147483647;
			dstPath = "$(CONTENTS_FOLDER_PATH)/Watch";
			dstSubfolderSpec = 16;
			files = (
				08E589721C07623700C046CE /* Watch.app in Embed Watch Content */,
			);
			name = "Embed Watch Content";
			runOnlyForDeploymentPostprocessing = 0;
		};
/* End PBXCopyFilesBuildPhase section */

/* Begin PBXFileReference section */
		08E5891A1C07615500C046CE /* WatchConnectivityDemo.app */ = {isa = PBXFileReference; explicitFileType = wrapper.application; includeInIndex = 0; path = WatchConnectivityDemo.app; sourceTree = BUILT_PRODUCTS_DIR; };
		08E5891D1C07615500C046CE /* AppDelegate.swift */ = {isa = PBXFileReference; lastKnownFileType = sourcecode.swift; path = AppDelegate.swift; sourceTree = "<group>"; };
		08E5891F1C07615500C046CE /* HomeVC.swift */ = {isa = PBXFileReference; lastKnownFileType = sourcecode.swift; path = HomeVC.swift; sourceTree = "<group>"; };
		08E589221C07615500C046CE /* Base */ = {isa = PBXFileReference; lastKnownFileType = file.storyboard; name = Base; path = Base.lproj/Main.storyboard; sourceTree = "<group>"; };
		08E589251C07615500C046CE /* WatchConnectivityDemo.xcdatamodel */ = {isa = PBXFileReference; lastKnownFileType = wrapper.xcdatamodel; path = WatchConnectivityDemo.xcdatamodel; sourceTree = "<group>"; };
		08E589271C07615500C046CE /* Assets.xcassets */ = {isa = PBXFileReference; lastKnownFileType = folder.assetcatalog; path = Assets.xcassets; sourceTree = "<group>"; };
		08E5892A1C07615500C046CE /* Base */ = {isa = PBXFileReference; lastKnownFileType = file.storyboard; name = Base; path = Base.lproj/LaunchScreen.storyboard; sourceTree = "<group>"; };
		08E5892C1C07615500C046CE /* Info.plist */ = {isa = PBXFileReference; lastKnownFileType = text.plist.xml; path = Info.plist; sourceTree = "<group>"; };
		08E589311C07615500C046CE /* WatchConnectivityDemoTests.xctest */ = {isa = PBXFileReference; explicitFileType = wrapper.cfbundle; includeInIndex = 0; path = WatchConnectivityDemoTests.xctest; sourceTree = BUILT_PRODUCTS_DIR; };
		08E589351C07615600C046CE /* WatchConnectivityDemoTests.swift */ = {isa = PBXFileReference; lastKnownFileType = sourcecode.swift; path = WatchConnectivityDemoTests.swift; sourceTree = "<group>"; };
		08E589371C07615600C046CE /* Info.plist */ = {isa = PBXFileReference; lastKnownFileType = text.plist.xml; path = Info.plist; sourceTree = "<group>"; };
		08E5893C1C07615600C046CE /* WatchConnectivityDemoUITests.xctest */ = {isa = PBXFileReference; explicitFileType = wrapper.cfbundle; includeInIndex = 0; path = WatchConnectivityDemoUITests.xctest; sourceTree = BUILT_PRODUCTS_DIR; };
		08E589401C07615600C046CE /* WatchConnectivityDemoUITests.swift */ = {isa = PBXFileReference; lastKnownFileType = sourcecode.swift; path = WatchConnectivityDemoUITests.swift; sourceTree = "<group>"; };
		08E589421C07615600C046CE /* Info.plist */ = {isa = PBXFileReference; lastKnownFileType = text.plist.xml; path = Info.plist; sourceTree = "<group>"; };
		08E589501C07623700C046CE /* Watch.app */ = {isa = PBXFileReference; explicitFileType = wrapper.application; includeInIndex = 0; path = Watch.app; sourceTree = BUILT_PRODUCTS_DIR; };
		08E589531C07623700C046CE /* Base */ = {isa = PBXFileReference; lastKnownFileType = file.storyboard; name = Base; path = Base.lproj/Interface.storyboard; sourceTree = "<group>"; };
		08E589551C07623700C046CE /* Assets.xcassets */ = {isa = PBXFileReference; lastKnownFileType = folder.assetcatalog; path = Assets.xcassets; sourceTree = "<group>"; };
		08E589571C07623700C046CE /* Info.plist */ = {isa = PBXFileReference; lastKnownFileType = text.plist.xml; path = Info.plist; sourceTree = "<group>"; };
		08E5895C1C07623700C046CE /* Watch Extension.appex */ = {isa = PBXFileReference; explicitFileType = "wrapper.app-extension"; includeInIndex = 0; path = "Watch Extension.appex"; sourceTree = BUILT_PRODUCTS_DIR; };
		08E589621C07623700C046CE /* PushNotificationPayload.apns */ = {isa = PBXFileReference; lastKnownFileType = text; path = PushNotificationPayload.apns; sourceTree = "<group>"; };
		08E589631C07623700C046CE /* HomeIC.swift */ = {isa = PBXFileReference; lastKnownFileType = sourcecode.swift; path = HomeIC.swift; sourceTree = "<group>"; };
		08E589651C07623700C046CE /* ExtensionDelegate.swift */ = {isa = PBXFileReference; lastKnownFileType = sourcecode.swift; path = ExtensionDelegate.swift; sourceTree = "<group>"; };
		08E589671C07623700C046CE /* NotificationController.swift */ = {isa = PBXFileReference; lastKnownFileType = sourcecode.swift; path = NotificationController.swift; sourceTree = "<group>"; };
		08E589691C07623700C046CE /* GlanceController.swift */ = {isa = PBXFileReference; lastKnownFileType = sourcecode.swift; path = GlanceController.swift; sourceTree = "<group>"; };
		08E5896B1C07623700C046CE /* ComplicationController.swift */ = {isa = PBXFileReference; lastKnownFileType = sourcecode.swift; path = ComplicationController.swift; sourceTree = "<group>"; };
		08E5896D1C07623700C046CE /* Assets.xcassets */ = {isa = PBXFileReference; lastKnownFileType = folder.assetcatalog; path = Assets.xcassets; sourceTree = "<group>"; };
		08E5896F1C07623700C046CE /* Info.plist */ = {isa = PBXFileReference; lastKnownFileType = text.plist.xml; path = Info.plist; sourceTree = "<group>"; };
		08E5897B1C07666300C046CE /* HomeItemRow.swift */ = {isa = PBXFileReference; fileEncoding = 4; lastKnownFileType = sourcecode.swift; path = HomeItemRow.swift; sourceTree = "<group>"; };
/* End PBXFileReference section */

/* Begin PBXFrameworksBuildPhase section */
		08E589171C07615500C046CE /* Frameworks */ = {
			isa = PBXFrameworksBuildPhase;
			buildActionMask = 2147483647;
			files = (
			);
			runOnlyForDeploymentPostprocessing = 0;
		};
		08E5892E1C07615500C046CE /* Frameworks */ = {
			isa = PBXFrameworksBuildPhase;
			buildActionMask = 2147483647;
			files = (
			);
			runOnlyForDeploymentPostprocessing = 0;
		};
		08E589391C07615600C046CE /* Frameworks */ = {
			isa = PBXFrameworksBuildPhase;
			buildActionMask = 2147483647;
			files = (
			);
			runOnlyForDeploymentPostprocessing = 0;
		};
		08E589591C07623700C046CE /* Frameworks */ = {
			isa = PBXFrameworksBuildPhase;
			buildActionMask = 2147483647;
			files = (
			);
			runOnlyForDeploymentPostprocessing = 0;
		};
/* End PBXFrameworksBuildPhase section */

/* Begin PBXGroup section */
		08E589111C07615400C046CE = {
			isa = PBXGroup;
			children = (
				08E5891C1C07615500C046CE /* WatchConnectivityDemo */,
				08E589511C07623700C046CE /* Watch */,
				08E589601C07623700C046CE /* Watch Extension */,
				08E589341C07615500C046CE /* WatchConnectivityDemoTests */,
				08E5893F1C07615600C046CE /* WatchConnectivityDemoUITests */,
				08E5891B1C07615500C046CE /* Products */,
			);
			sourceTree = "<group>";
		};
		08E5891B1C07615500C046CE /* Products */ = {
			isa = PBXGroup;
			children = (
				08E5891A1C07615500C046CE /* WatchConnectivityDemo.app */,
				08E589311C07615500C046CE /* WatchConnectivityDemoTests.xctest */,
				08E5893C1C07615600C046CE /* WatchConnectivityDemoUITests.xctest */,
				08E589501C07623700C046CE /* Watch.app */,
				08E5895C1C07623700C046CE /* Watch Extension.appex */,
			);
			name = Products;
			sourceTree = "<group>";
		};
		08E5891C1C07615500C046CE /* WatchConnectivityDemo */ = {
			isa = PBXGroup;
			children = (
				08E5891D1C07615500C046CE /* AppDelegate.swift */,
				08E5891F1C07615500C046CE /* HomeVC.swift */,
				08E589211C07615500C046CE /* Main.storyboard */,
				08E589271C07615500C046CE /* Assets.xcassets */,
				08E589291C07615500C046CE /* LaunchScreen.storyboard */,
				08E5892C1C07615500C046CE /* Info.plist */,
				08E589241C07615500C046CE /* WatchConnectivityDemo.xcdatamodeld */,
			);
			path = WatchConnectivityDemo;
			sourceTree = "<group>";
		};
		08E589341C07615500C046CE /* WatchConnectivityDemoTests */ = {
			isa = PBXGroup;
			children = (
				08E589351C07615600C046CE /* WatchConnectivityDemoTests.swift */,
				08E589371C07615600C046CE /* Info.plist */,
			);
			path = WatchConnectivityDemoTests;
			sourceTree = "<group>";
		};
		08E5893F1C07615600C046CE /* WatchConnectivityDemoUITests */ = {
			isa = PBXGroup;
			children = (
				08E589401C07615600C046CE /* WatchConnectivityDemoUITests.swift */,
				08E589421C07615600C046CE /* Info.plist */,
			);
			path = WatchConnectivityDemoUITests;
			sourceTree = "<group>";
		};
		08E589511C07623700C046CE /* Watch */ = {
			isa = PBXGroup;
			children = (
				08E589521C07623700C046CE /* Interface.storyboard */,
				08E589551C07623700C046CE /* Assets.xcassets */,
				08E589571C07623700C046CE /* Info.plist */,
			);
			path = Watch;
			sourceTree = "<group>";
		};
		08E589601C07623700C046CE /* Watch Extension */ = {
			isa = PBXGroup;
			children = (
				08E589631C07623700C046CE /* HomeIC.swift */,
				08E5897B1C07666300C046CE /* HomeItemRow.swift */,
				08E589651C07623700C046CE /* ExtensionDelegate.swift */,
				08E589671C07623700C046CE /* NotificationController.swift */,
				08E589691C07623700C046CE /* GlanceController.swift */,
				08E5896B1C07623700C046CE /* ComplicationController.swift */,
				08E5896D1C07623700C046CE /* Assets.xcassets */,
				08E5896F1C07623700C046CE /* Info.plist */,
				08E589611C07623700C046CE /* Supporting Files */,
			);
			path = "Watch Extension";
			sourceTree = "<group>";
		};
		08E589611C07623700C046CE /* Supporting Files */ = {
			isa = PBXGroup;
			children = (
				08E589621C07623700C046CE /* PushNotificationPayload.apns */,
			);
			name = "Supporting Files";
			sourceTree = "<group>";
		};
/* End PBXGroup section */

/* Begin PBXNativeTarget section */
		08E589191C07615500C046CE /* WatchConnectivityDemo */ = {
			isa = PBXNativeTarget;
			buildConfigurationList = 08E589451C07615600C046CE /* Build configuration list for PBXNativeTarget "WatchConnectivityDemo" */;
			buildPhases = (
				08E589161C07615500C046CE /* Sources */,
				08E589171C07615500C046CE /* Frameworks */,
				08E589181C07615500C046CE /* Resources */,
				08E5897A1C07623700C046CE /* Embed Watch Content */,
			);
			buildRules = (
			);
			dependencies = (
				08E589711C07623700C046CE /* PBXTargetDependency */,
			);
			name = WatchConnectivityDemo;
			productName = WatchConnectivityDemo;
			productReference = 08E5891A1C07615500C046CE /* WatchConnectivityDemo.app */;
			productType = "com.apple.product-type.application";
		};
		08E589301C07615500C046CE /* WatchConnectivityDemoTests */ = {
			isa = PBXNativeTarget;
			buildConfigurationList = 08E589481C07615600C046CE /* Build configuration list for PBXNativeTarget "WatchConnectivityDemoTests" */;
			buildPhases = (
				08E5892D1C07615500C046CE /* Sources */,
				08E5892E1C07615500C046CE /* Frameworks */,
				08E5892F1C07615500C046CE /* Resources */,
			);
			buildRules = (
			);
			dependencies = (
				08E589331C07615500C046CE /* PBXTargetDependency */,
			);
			name = WatchConnectivityDemoTests;
			productName = WatchConnectivityDemoTests;
			productReference = 08E589311C07615500C046CE /* WatchConnectivityDemoTests.xctest */;
			productType = "com.apple.product-type.bundle.unit-test";
		};
		08E5893B1C07615600C046CE /* WatchConnectivityDemoUITests */ = {
			isa = PBXNativeTarget;
			buildConfigurationList = 08E5894B1C07615600C046CE /* Build configuration list for PBXNativeTarget "WatchConnectivityDemoUITests" */;
			buildPhases = (
				08E589381C07615600C046CE /* Sources */,
				08E589391C07615600C046CE /* Frameworks */,
				08E5893A1C07615600C046CE /* Resources */,
			);
			buildRules = (
			);
			dependencies = (
				08E5893E1C07615600C046CE /* PBXTargetDependency */,
			);
			name = WatchConnectivityDemoUITests;
			productName = WatchConnectivityDemoUITests;
			productReference = 08E5893C1C07615600C046CE /* WatchConnectivityDemoUITests.xctest */;
			productType = "com.apple.product-type.bundle.ui-testing";
		};
		08E5894F1C07623700C046CE /* Watch */ = {
			isa = PBXNativeTarget;
			buildConfigurationList = 08E589771C07623700C046CE /* Build configuration list for PBXNativeTarget "Watch" */;
			buildPhases = (
				08E5894E1C07623700C046CE /* Resources */,
				08E589761C07623700C046CE /* Embed App Extensions */,
			);
			buildRules = (
			);
			dependencies = (
				08E5895F1C07623700C046CE /* PBXTargetDependency */,
			);
			name = Watch;
			productName = Watch;
			productReference = 08E589501C07623700C046CE /* Watch.app */;
			productType = "com.apple.product-type.application.watchapp2";
		};
		08E5895B1C07623700C046CE /* Watch Extension */ = {
			isa = PBXNativeTarget;
			buildConfigurationList = 08E589731C07623700C046CE /* Build configuration list for PBXNativeTarget "Watch Extension" */;
			buildPhases = (
				08E589581C07623700C046CE /* Sources */,
				08E589591C07623700C046CE /* Frameworks */,
				08E5895A1C07623700C046CE /* Resources */,
			);
			buildRules = (
			);
			dependencies = (
			);
			name = "Watch Extension";
			productName = "Watch Extension";
			productReference = 08E5895C1C07623700C046CE /* Watch Extension.appex */;
			productType = "com.apple.product-type.watchkit2-extension";
		};
/* End PBXNativeTarget section */

/* Begin PBXProject section */
		08E589121C07615400C046CE /* Project object */ = {
			isa = PBXProject;
			attributes = {
				LastSwiftUpdateCheck = 0710;
				LastUpgradeCheck = 0710;
				ORGANIZATIONNAME = orbis;
				TargetAttributes = {
					08E589191C07615500C046CE = {
						CreatedOnToolsVersion = 7.1.1;
					};
					08E589301C07615500C046CE = {
						CreatedOnToolsVersion = 7.1.1;
						TestTargetID = 08E589191C07615500C046CE;
					};
					08E5893B1C07615600C046CE = {
						CreatedOnToolsVersion = 7.1.1;
						TestTargetID = 08E589191C07615500C046CE;
					};
					08E5894F1C07623700C046CE = {
						CreatedOnToolsVersion = 7.1.1;
					};
					08E5895B1C07623700C046CE = {
						CreatedOnToolsVersion = 7.1.1;
					};
				};
			};
			buildConfigurationList = 08E589151C07615400C046CE /* Build configuration list for PBXProject "WatchConnectivityDemo" */;
			compatibilityVersion = "Xcode 3.2";
			developmentRegion = English;
			hasScannedForEncodings = 0;
			knownRegions = (
				en,
				Base,
			);
			mainGroup = 08E589111C07615400C046CE;
			productRefGroup = 08E5891B1C07615500C046CE /* Products */;
			projectDirPath = "";
			projectRoot = "";
			targets = (
				08E589191C07615500C046CE /* WatchConnectivityDemo */,
				08E589301C07615500C046CE /* WatchConnectivityDemoTests */,
				08E5893B1C07615600C046CE /* WatchConnectivityDemoUITests */,
				08E5894F1C07623700C046CE /* Watch */,
				08E5895B1C07623700C046CE /* Watch Extension */,
			);
		};
/* End PBXProject section */

/* Begin PBXResourcesBuildPhase section */
		08E589181C07615500C046CE /* Resources */ = {
			isa = PBXResourcesBuildPhase;
			buildActionMask = 2147483647;
			files = (
				08E5892B1C07615500C046CE /* LaunchScreen.storyboard in Resources */,
				08E589281C07615500C046CE /* Assets.xcassets in Resources */,
				08E589231C07615500C046CE /* Main.storyboard in Resources */,
			);
			runOnlyForDeploymentPostprocessing = 0;
		};
		08E5892F1C07615500C046CE /* Resources */ = {
			isa = PBXResourcesBuildPhase;
			buildActionMask = 2147483647;
			files = (
			);
			runOnlyForDeploymentPostprocessing = 0;
		};
		08E5893A1C07615600C046CE /* Resources */ = {
			isa = PBXResourcesBuildPhase;
			buildActionMask = 2147483647;
			files = (
			);
			runOnlyForDeploymentPostprocessing = 0;
		};
		08E5894E1C07623700C046CE /* Resources */ = {
			isa = PBXResourcesBuildPhase;
			buildActionMask = 2147483647;
			files = (
				08E589561C07623700C046CE /* Assets.xcassets in Resources */,
				08E589541C07623700C046CE /* Interface.storyboard in Resources */,
			);
			runOnlyForDeploymentPostprocessing = 0;
		};
		08E5895A1C07623700C046CE /* Resources */ = {
			isa = PBXResourcesBuildPhase;
			buildActionMask = 2147483647;
			files = (
				08E5896E1C07623700C046CE /* Assets.xcassets in Resources */,
			);
			runOnlyForDeploymentPostprocessing = 0;
		};
/* End PBXResourcesBuildPhase section */

/* Begin PBXSourcesBuildPhase section */
		08E589161C07615500C046CE /* Sources */ = {
			isa = PBXSourcesBuildPhase;
			buildActionMask = 2147483647;
			files = (
				08E589201C07615500C046CE /* HomeVC.swift in Sources */,
				08E589261C07615500C046CE /* WatchConnectivityDemo.xcdatamodeld in Sources */,
				08E5891E1C07615500C046CE /* AppDelegate.swift in Sources */,
			);
			runOnlyForDeploymentPostprocessing = 0;
		};
		08E5892D1C07615500C046CE /* Sources */ = {
			isa = PBXSourcesBuildPhase;
			buildActionMask = 2147483647;
			files = (
				08E589361C07615600C046CE /* WatchConnectivityDemoTests.swift in Sources */,
			);
			runOnlyForDeploymentPostprocessing = 0;
		};
		08E589381C07615600C046CE /* Sources */ = {
			isa = PBXSourcesBuildPhase;
			buildActionMask = 2147483647;
			files = (
				08E589411C07615600C046CE /* WatchConnectivityDemoUITests.swift in Sources */,
			);
			runOnlyForDeploymentPostprocessing = 0;
		};
		08E589581C07623700C046CE /* Sources */ = {
			isa = PBXSourcesBuildPhase;
			buildActionMask = 2147483647;
			files = (
				08E589681C07623700C046CE /* NotificationController.swift in Sources */,
				08E589661C07623700C046CE /* ExtensionDelegate.swift in Sources */,
				08E5896C1C07623700C046CE /* ComplicationController.swift in Sources */,
				08E589641C07623700C046CE /* HomeIC.swift in Sources */,
				08E5897C1C07666300C046CE /* HomeItemRow.swift in Sources */,
				08E5896A1C07623700C046CE /* GlanceController.swift in Sources */,
			);
			runOnlyForDeploymentPostprocessing = 0;
		};
/* End PBXSourcesBuildPhase section */

/* Begin PBXTargetDependency section */
		08E589331C07615500C046CE /* PBXTargetDependency */ = {
			isa = PBXTargetDependency;
			target = 08E589191C07615500C046CE /* WatchConnectivityDemo */;
			targetProxy = 08E589321C07615500C046CE /* PBXContainerItemProxy */;
		};
		08E5893E1C07615600C046CE /* PBXTargetDependency */ = {
			isa = PBXTargetDependency;
			target = 08E589191C07615500C046CE /* WatchConnectivityDemo */;
			targetProxy = 08E5893D1C07615600C046CE /* PBXContainerItemProxy */;
		};
		08E5895F1C07623700C046CE /* PBXTargetDependency */ = {
			isa = PBXTargetDependency;
			target = 08E5895B1C07623700C046CE /* Watch Extension */;
			targetProxy = 08E5895E1C07623700C046CE /* PBXContainerItemProxy */;
		};
		08E589711C07623700C046CE /* PBXTargetDependency */ = {
			isa = PBXTargetDependency;
			target = 08E5894F1C07623700C046CE /* Watch */;
			targetProxy = 08E589701C07623700C046CE /* PBXContainerItemProxy */;
		};
/* End PBXTargetDependency section */

/* Begin PBXVariantGroup section */
		08E589211C07615500C046CE /* Main.storyboard */ = {
			isa = PBXVariantGroup;
			children = (
				08E589221C07615500C046CE /* Base */,
			);
			name = Main.storyboard;
			sourceTree = "<group>";
		};
		08E589291C07615500C046CE /* LaunchScreen.storyboard */ = {
			isa = PBXVariantGroup;
			children = (
				08E5892A1C07615500C046CE /* Base */,
			);
			name = LaunchScreen.storyboard;
			sourceTree = "<group>";
		};
		08E589521C07623700C046CE /* Interface.storyboard */ = {
			isa = PBXVariantGroup;
			children = (
				08E589531C07623700C046CE /* Base */,
			);
			name = Interface.storyboard;
			sourceTree = "<group>";
		};
/* End PBXVariantGroup section */

/* Begin XCBuildConfiguration section */
		08E589431C07615600C046CE /* Debug */ = {
			isa = XCBuildConfiguration;
			buildSettings = {
				ALWAYS_SEARCH_USER_PATHS = NO;
				CLANG_CXX_LANGUAGE_STANDARD = "gnu++0x";
				CLANG_CXX_LIBRARY = "libc++";
				CLANG_ENABLE_MODULES = YES;
				CLANG_ENABLE_OBJC_ARC = YES;
				CLANG_WARN_BOOL_CONVERSION = YES;
				CLANG_WARN_CONSTANT_CONVERSION = YES;
				CLANG_WARN_DIRECT_OBJC_ISA_USAGE = YES_ERROR;
				CLANG_WARN_EMPTY_BODY = YES;
				CLANG_WARN_ENUM_CONVERSION = YES;
				CLANG_WARN_INT_CONVERSION = YES;
				CLANG_WARN_OBJC_ROOT_CLASS = YES_ERROR;
				CLANG_WARN_UNREACHABLE_CODE = YES;
				CLANG_WARN__DUPLICATE_METHOD_MATCH = YES;
				"CODE_SIGN_IDENTITY[sdk=iphoneos*]" = "iPhone Developer";
				COPY_PHASE_STRIP = NO;
				DEBUG_INFORMATION_FORMAT = dwarf;
				ENABLE_STRICT_OBJC_MSGSEND = YES;
				ENABLE_TESTABILITY = YES;
				GCC_C_LANGUAGE_STANDARD = gnu99;
				GCC_DYNAMIC_NO_PIC = NO;
				GCC_NO_COMMON_BLOCKS = YES;
				GCC_OPTIMIZATION_LEVEL = 0;
				GCC_PREPROCESSOR_DEFINITIONS = (
					"DEBUG=1",
					"$(inherited)",
				);
				GCC_WARN_64_TO_32_BIT_CONVERSION = YES;
				GCC_WARN_ABOUT_RETURN_TYPE = YES_ERROR;
				GCC_WARN_UNDECLARED_SELECTOR = YES;
				GCC_WARN_UNINITIALIZED_AUTOS = YES_AGGRESSIVE;
				GCC_WARN_UNUSED_FUNCTION = YES;
				GCC_WARN_UNUSED_VARIABLE = YES;
				IPHONEOS_DEPLOYMENT_TARGET = 9.1;
				MTL_ENABLE_DEBUG_INFO = YES;
				ONLY_ACTIVE_ARCH = YES;
				SDKROOT = iphoneos;
				SWIFT_OPTIMIZATION_LEVEL = "-Onone";
			};
			name = Debug;
		};
		08E589441C07615600C046CE /* Release */ = {
			isa = XCBuildConfiguration;
			buildSettings = {
				ALWAYS_SEARCH_USER_PATHS = NO;
				CLANG_CXX_LANGUAGE_STANDARD = "gnu++0x";
				CLANG_CXX_LIBRARY = "libc++";
				CLANG_ENABLE_MODULES = YES;
				CLANG_ENABLE_OBJC_ARC = YES;
				CLANG_WARN_BOOL_CONVERSION = YES;
				CLANG_WARN_CONSTANT_CONVERSION = YES;
				CLANG_WARN_DIRECT_OBJC_ISA_USAGE = YES_ERROR;
				CLANG_WARN_EMPTY_BODY = YES;
				CLANG_WARN_ENUM_CONVERSION = YES;
				CLANG_WARN_INT_CONVERSION = YES;
				CLANG_WARN_OBJC_ROOT_CLASS = YES_ERROR;
				CLANG_WARN_UNREACHABLE_CODE = YES;
				CLANG_WARN__DUPLICATE_METHOD_MATCH = YES;
				"CODE_SIGN_IDENTITY[sdk=iphoneos*]" = "iPhone Developer";
				COPY_PHASE_STRIP = NO;
				DEBUG_INFORMATION_FORMAT = "dwarf-with-dsym";
				ENABLE_NS_ASSERTIONS = NO;
				ENABLE_STRICT_OBJC_MSGSEND = YES;
				GCC_C_LANGUAGE_STANDARD = gnu99;
				GCC_NO_COMMON_BLOCKS = YES;
				GCC_WARN_64_TO_32_BIT_CONVERSION = YES;
				GCC_WARN_ABOUT_RETURN_TYPE = YES_ERROR;
				GCC_WARN_UNDECLARED_SELECTOR = YES;
				GCC_WARN_UNINITIALIZED_AUTOS = YES_AGGRESSIVE;
				GCC_WARN_UNUSED_FUNCTION = YES;
				GCC_WARN_UNUSED_VARIABLE = YES;
				IPHONEOS_DEPLOYMENT_TARGET = 9.1;
				MTL_ENABLE_DEBUG_INFO = NO;
				SDKROOT = iphoneos;
				VALIDATE_PRODUCT = YES;
			};
			name = Release;
		};
		08E589461C07615600C046CE /* Debug */ = {
			isa = XCBuildConfiguration;
			buildSettings = {
				ASSETCATALOG_COMPILER_APPICON_NAME = AppIcon;
				INFOPLIST_FILE = WatchConnectivityDemo/Info.plist;
				IPHONEOS_DEPLOYMENT_TARGET = 12.0;
				LD_RUNPATH_SEARCH_PATHS = "$(inherited) @executable_path/Frameworks";
				PRODUCT_BUNDLE_IDENTIFIER = pe.com.orbis.WatchConnectivityDemo;
				PRODUCT_NAME = "$(TARGET_NAME)";
				SWIFT_VERSION = 4.2;
			};
			name = Debug;
		};
		08E589471C07615600C046CE /* Release */ = {
			isa = XCBuildConfiguration;
			buildSettings = {
				ASSETCATALOG_COMPILER_APPICON_NAME = AppIcon;
				INFOPLIST_FILE = WatchConnectivityDemo/Info.plist;
				IPHONEOS_DEPLOYMENT_TARGET = 12.0;
				LD_RUNPATH_SEARCH_PATHS = "$(inherited) @executable_path/Frameworks";
				PRODUCT_BUNDLE_IDENTIFIER = pe.com.orbis.WatchConnectivityDemo;
				PRODUCT_NAME = "$(TARGET_NAME)";
				SWIFT_VERSION = 4.2;
			};
			name = Release;
		};
		08E589491C07615600C046CE /* Debug */ = {
			isa = XCBuildConfiguration;
			buildSettings = {
				BUNDLE_LOADER = "$(TEST_HOST)";
				INFOPLIST_FILE = WatchConnectivityDemoTests/Info.plist;
				LD_RUNPATH_SEARCH_PATHS = "$(inherited) @executable_path/Frameworks @loader_path/Frameworks";
				PRODUCT_BUNDLE_IDENTIFIER = pe.com.orbis.WatchConnectivityDemoTests;
				PRODUCT_NAME = "$(TARGET_NAME)";
				TEST_HOST = "$(BUILT_PRODUCTS_DIR)/WatchConnectivityDemo.app/WatchConnectivityDemo";
			};
			name = Debug;
		};
		08E5894A1C07615600C046CE /* Release */ = {
			isa = XCBuildConfiguration;
			buildSettings = {
				BUNDLE_LOADER = "$(TEST_HOST)";
				INFOPLIST_FILE = WatchConnectivityDemoTests/Info.plist;
				LD_RUNPATH_SEARCH_PATHS = "$(inherited) @executable_path/Frameworks @loader_path/Frameworks";
				PRODUCT_BUNDLE_IDENTIFIER = pe.com.orbis.WatchConnectivityDemoTests;
				PRODUCT_NAME = "$(TARGET_NAME)";
				TEST_HOST = "$(BUILT_PRODUCTS_DIR)/WatchConnectivityDemo.app/WatchConnectivityDemo";
			};
			name = Release;
		};
		08E5894C1C07615600C046CE /* Debug */ = {
			isa = XCBuildConfiguration;
			buildSettings = {
				INFOPLIST_FILE = WatchConnectivityDemoUITests/Info.plist;
				LD_RUNPATH_SEARCH_PATHS = "$(inherited) @executable_path/Frameworks @loader_path/Frameworks";
				PRODUCT_BUNDLE_IDENTIFIER = pe.com.orbis.WatchConnectivityDemoUITests;
				PRODUCT_NAME = "$(TARGET_NAME)";
				TEST_TARGET_NAME = WatchConnectivityDemo;
				USES_XCTRUNNER = YES;
			};
			name = Debug;
		};
		08E5894D1C07615600C046CE /* Release */ = {
			isa = XCBuildConfiguration;
			buildSettings = {
				INFOPLIST_FILE = WatchConnectivityDemoUITests/Info.plist;
				LD_RUNPATH_SEARCH_PATHS = "$(inherited) @executable_path/Frameworks @loader_path/Frameworks";
				PRODUCT_BUNDLE_IDENTIFIER = pe.com.orbis.WatchConnectivityDemoUITests;
				PRODUCT_NAME = "$(TARGET_NAME)";
				TEST_TARGET_NAME = WatchConnectivityDemo;
				USES_XCTRUNNER = YES;
			};
			name = Release;
		};
		08E589741C07623700C046CE /* Debug */ = {
			isa = XCBuildConfiguration;
			buildSettings = {
				ASSETCATALOG_COMPILER_COMPLICATION_NAME = Complication;
				INFOPLIST_FILE = "Watch Extension/Info.plist";
				LD_RUNPATH_SEARCH_PATHS = "$(inherited) @executable_path/Frameworks @executable_path/../../Frameworks";
				PRODUCT_BUNDLE_IDENTIFIER = pe.com.orbis.WatchConnectivityDemo.watchkitapp.watchkitextension;
				PRODUCT_NAME = "${TARGET_NAME}";
				SDKROOT = watchos;
				SKIP_INSTALL = YES;
				SWIFT_VERSION = 4.2;
				TARGETED_DEVICE_FAMILY = 4;
				WATCHOS_DEPLOYMENT_TARGET = 3.0;
			};
			name = Debug;
		};
		08E589751C07623700C046CE /* Release */ = {
			isa = XCBuildConfiguration;
			buildSettings = {
				ASSETCATALOG_COMPILER_COMPLICATION_NAME = Complication;
				INFOPLIST_FILE = "Watch Extension/Info.plist";
				LD_RUNPATH_SEARCH_PATHS = "$(inherited) @executable_path/Frameworks @executable_path/../../Frameworks";
				PRODUCT_BUNDLE_IDENTIFIER = pe.com.orbis.WatchConnectivityDemo.watchkitapp.watchkitextension;
				PRODUCT_NAME = "${TARGET_NAME}";
				SDKROOT = watchos;
				SKIP_INSTALL = YES;
				SWIFT_VERSION = 4.2;
				TARGETED_DEVICE_FAMILY = 4;
				WATCHOS_DEPLOYMENT_TARGET = 3.0;
			};
			name = Release;
		};
		08E589781C07623700C046CE /* Debug */ = {
			isa = XCBuildConfiguration;
			buildSettings = {
				ASSETCATALOG_COMPILER_APPICON_NAME = AppIcon;
				EMBEDDED_CONTENT_CONTAINS_SWIFT = YES;
				IBSC_MODULE = Watch_Extension;
				INFOPLIST_FILE = Watch/Info.plist;
				PRODUCT_BUNDLE_IDENTIFIER = pe.com.orbis.WatchConnectivityDemo.watchkitapp;
				PRODUCT_NAME = "$(TARGET_NAME)";
				SDKROOT = watchos;
				SKIP_INSTALL = YES;
				TARGETED_DEVICE_FAMILY = 4;
				WATCHOS_DEPLOYMENT_TARGET = 3.0;
			};
			name = Debug;
		};
		08E589791C07623700C046CE /* Release */ = {
			isa = XCBuildConfiguration;
			buildSettings = {
				ASSETCATALOG_COMPILER_APPICON_NAME = AppIcon;
				EMBEDDED_CONTENT_CONTAINS_SWIFT = YES;
				IBSC_MODULE = Watch_Extension;
				INFOPLIST_FILE = Watch/Info.plist;
				PRODUCT_BUNDLE_IDENTIFIER = pe.com.orbis.WatchConnectivityDemo.watchkitapp;
				PRODUCT_NAME = "$(TARGET_NAME)";
				SDKROOT = watchos;
				SKIP_INSTALL = YES;
				TARGETED_DEVICE_FAMILY = 4;
				WATCHOS_DEPLOYMENT_TARGET = 3.0;
			};
			name = Release;
		};
/* End XCBuildConfiguration section */

/* Begin XCConfigurationList section */
		08E589151C07615400C046CE /* Build configuration list for PBXProject "WatchConnectivityDemo" */ = {
			isa = XCConfigurationList;
			buildConfigurations = (
				08E589431C07615600C046CE /* Debug */,
				08E589441C07615600C046CE /* Release */,
			);
			defaultConfigurationIsVisible = 0;
			defaultConfigurationName = Release;
		};
		08E589451C07615600C046CE /* Build configuration list for PBXNativeTarget "WatchConnectivityDemo" */ = {
			isa = XCConfigurationList;
			buildConfigurations = (
				08E589461C07615600C046CE /* Debug */,
				08E589471C07615600C046CE /* Release */,
			);
			defaultConfigurationIsVisible = 0;
			defaultConfigurationName = Release;
		};
		08E589481C07615600C046CE /* Build configuration list for PBXNativeTarget "WatchConnectivityDemoTests" */ = {
			isa = XCConfigurationList;
			buildConfigurations = (
				08E589491C07615600C046CE /* Debug */,
				08E5894A1C07615600C046CE /* Release */,
			);
			defaultConfigurationIsVisible = 0;
			defaultConfigurationName = Release;
		};
		08E5894B1C07615600C046CE /* Build configuration list for PBXNativeTarget "WatchConnectivityDemoUITests" */ = {
			isa = XCConfigurationList;
			buildConfigurations = (
				08E5894C1C07615600C046CE /* Debug */,
				08E5894D1C07615600C046CE /* Release */,
			);
			defaultConfigurationIsVisible = 0;
			defaultConfigurationName = Release;
		};
		08E589731C07623700C046CE /* Build configuration list for PBXNativeTarget "Watch Extension" */ = {
			isa = XCConfigurationList;
			buildConfigurations = (
				08E589741C07623700C046CE /* Debug */,
				08E589751C07623700C046CE /* Release */,
			);
			defaultConfigurationIsVisible = 0;
			defaultConfigurationName = Release;
		};
		08E589771C07623700C046CE /* Build configuration list for PBXNativeTarget "Watch" */ = {
			isa = XCConfigurationList;
			buildConfigurations = (
				08E589781C07623700C046CE /* Debug */,
				08E589791C07623700C046CE /* Release */,
			);
			defaultConfigurationIsVisible = 0;
			defaultConfigurationName = Release;
		};
/* End XCConfigurationList section */

/* Begin XCVersionGroup section */
		08E589241C07615500C046CE /* WatchConnectivityDemo.xcdatamodeld */ = {
			isa = XCVersionGroup;
			children = (
				08E589251C07615500C046CE /* WatchConnectivityDemo.xcdatamodel */,
			);
			currentVersion = 08E589251C07615500C046CE /* WatchConnectivityDemo.xcdatamodel */;
			path = WatchConnectivityDemo.xcdatamodeld;
			sourceTree = "<group>";
			versionGroupType = wrapper.xcdatamodel;
		};
/* End XCVersionGroup section */
	};
	rootObject = 08E589121C07615400C046CE /* Project object */;
}
